
Microsoft Visual Studio Solution File, Format Version 12.00
# Visual Studio 14
VisualStudioVersion = 14.0.25420.1
MinimumVisualStudioVersion = 10.0.40219.1
Project("{2150E333-8FDC-42A3-9474-1A3956D46DE8}") = "src", "src", "{20CEB6A7-A741-4A32-80C3-AA804779D130}"
EndProject
Project("{2150E333-8FDC-42A3-9474-1A3956D46DE8}") = "Solution Items", "Solution Items", "{7476E83C-D7F8-4A01-8B6D-E5E225593F11}"
	ProjectSection(SolutionItems) = preProject
		global.json = global.json
	EndProjectSection
EndProject
Project("{8BB2217D-0F2D-49D1-97BC-3654ED321F3B}") = "WebApplication7", "src\WebApplication7\WebApplication7.xproj", "{18CD3726-72CE-48A7-B90D-DDF73EB85656}"
EndProject
Global
	GlobalSection(SolutionConfigurationPlatforms) = preSolution
		Debug|Any CPU = Debug|Any CPU
		Release|Any CPU = Release|Any CPU
	EndGlobalSection
	GlobalSection(ProjectConfigurationPlatforms) = postSolution
		{18CD3726-72CE-48A7-B90D-DDF73EB85656}.Debug|Any CPU.ActiveCfg = Debug|Any CPU
		{18CD3726-72CE-48A7-B90D-DDF73EB85656}.Debug|Any CPU.Build.0 = Debug|Any CPU
		{18CD3726-72CE-48A7-B90D-DDF73EB85656}.Release|Any CPU.ActiveCfg = Release|Any CPU
		{18CD3726-72CE-48A7-B90D-DDF73EB85656}.Release|Any CPU.Build.0 = Release|Any CPU
	EndGlobalSection
	GlobalSection(SolutionProperties) = preSolution
		HideSolutionNode = FALSE
	EndGlobalSection
	GlobalSection(NestedProjects) = preSolution
		{18CD3726-72CE-48A7-B90D-DDF73EB85656} = {20CEB6A7-A741-4A32-80C3-AA804779D130}
	EndGlobalSection
EndGlobal
